
Microsoft Visual Studio Solution File, Format Version 12.00
# Visual Studio Version 17
VisualStudioVersion = 17.2.32505.173
MinimumVisualStudioVersion = 10.0.40219.1
Project("{FAE04EC0-301F-11D3-BF4B-00C04F79EFBC}") = "ProyWebNoSQL", "ProyWebNoSQL\ProyWebNoSQL.csproj", "{4DF232BD-7275-4FAE-8202-F08E6AF98536}"
EndProject
Global
	GlobalSection(SolutionConfigurationPlatforms) = preSolution
		Debug|Any CPU = Debug|Any CPU
		Release|Any CPU = Release|Any CPU
	EndGlobalSection
	GlobalSection(ProjectConfigurationPlatforms) = postSolution
		{4DF232BD-7275-4FAE-8202-F08E6AF98536}.Debug|Any CPU.ActiveCfg = Debug|Any CPU
		{4DF232BD-7275-4FAE-8202-F08E6AF98536}.Debug|Any CPU.Build.0 = Debug|Any CPU
		{4DF232BD-7275-4FAE-8202-F08E6AF98536}.Release|Any CPU.ActiveCfg = Release|Any CPU
		{4DF232BD-7275-4FAE-8202-F08E6AF98536}.Release|Any CPU.Build.0 = Release|Any CPU
	EndGlobalSection
	GlobalSection(SolutionProperties) = preSolution
		HideSolutionNode = FALSE
	EndGlobalSection
	GlobalSection(ExtensibilityGlobals) = postSolution
		SolutionGuid = {4E5CE663-3E1E-4571-BC13-8964651D83A3}
	EndGlobalSection
EndGlobal
